
Microsoft Visual Studio Solution File, Format Version 12.00
# Visual Studio Version 17
VisualStudioVersion = 17.0.32112.339
MinimumVisualStudioVersion = 10.0.40219.1
Project("{FAE04EC0-301F-11D3-BF4B-00C04F79EFBC}") = "PaintAppModels", "PaintAppModels\PaintAppModels.csproj", "{468E35B8-46BF-4D96-B63B-E206219BE464}"
EndProject
Global
	GlobalSection(SolutionConfigurationPlatforms) = preSolution
		Debug|Any CPU = Debug|Any CPU
		Release|Any CPU = Release|Any CPU
	EndGlobalSection
	GlobalSection(ProjectConfigurationPlatforms) = postSolution
		{468E35B8-46BF-4D96-B63B-E206219BE464}.Debug|Any CPU.ActiveCfg = Debug|Any CPU
		{468E35B8-46BF-4D96-B63B-E206219BE464}.Debug|Any CPU.Build.0 = Debug|Any CPU
		{468E35B8-46BF-4D96-B63B-E206219BE464}.Release|Any CPU.ActiveCfg = Release|Any CPU
		{468E35B8-46BF-4D96-B63B-E206219BE464}.Release|Any CPU.Build.0 = Release|Any CPU
	EndGlobalSection
	GlobalSection(SolutionProperties) = preSolution
		HideSolutionNode = FALSE
	EndGlobalSection
	GlobalSection(ExtensibilityGlobals) = postSolution
		SolutionGuid = {B741BC16-467F-4478-AB89-5AE456E50FB2}
	EndGlobalSection
EndGlobal
